// !$*UTF8*$!
{
	archiveVersion = 1;
	classes = {
	};
	objectVersion = 42;
	objects = {

/* Begin PBXBuildFile section */
		8D11072B0486CEB800E47090 /* InfoPlist.strings in Resources */ = {isa = PBXBuildFile; fileRef = 089C165CFE840E0CC02AAC07 /* InfoPlist.strings */; };
		8D11072D0486CEB800E47090 /* main.m in Sources */ = {isa = PBXBuildFile; fileRef = 29B97316FDCFA39411CA2CEA /* main.m */; settings = {ATTRIBUTES = (); }; };
		8D11072F0486CEB800E47090 /* Cocoa.framework in Frameworks */ = {isa = PBXBuildFile; fileRef = 1058C7A1FEA54F0111CA2CBB /* Cocoa.framework */; };
		A409AE680F076AE100CE1CAE /* EPWeblogEntryPrototype.m in Sources */ = {isa = PBXBuildFile; fileRef = A409AE670F076AE100CE1CAE /* EPWeblogEntryPrototype.m */; };
		A409AEAC0F0781DA00CE1CAE /* EPDictionaryController.m in Sources */ = {isa = PBXBuildFile; fileRef = A409AEAB0F0781DA00CE1CAE /* EPDictionaryController.m */; };
		A409AEDD0F078AE600CE1CAE /* EPMutableDictionary.m in Sources */ = {isa = PBXBuildFile; fileRef = A409AEDC0F078AE600CE1CAE /* EPMutableDictionary.m */; };
		A4268B110E3D482100FC7CD0 /* Markdown.pl in Resources */ = {isa = PBXBuildFile; fileRef = A4268B100E3D482100FC7CD0 /* Markdown.pl */; };
		A4268B130E3D482C00FC7CD0 /* SmartyPants.pl in Resources */ = {isa = PBXBuildFile; fileRef = A4268B120E3D482C00FC7CD0 /* SmartyPants.pl */; };
		A4277C8F0EF11DDF00DADB08 /* TB_Links_Inactive.tiff in Resources */ = {isa = PBXBuildFile; fileRef = A4277C8D0EF11DDF00DADB08 /* TB_Links_Inactive.tiff */; };
		A4277C900EF11DDF00DADB08 /* TB_Links_Active.tiff in Resources */ = {isa = PBXBuildFile; fileRef = A4277C8E0EF11DDF00DADB08 /* TB_Links_Active.tiff */; };
		A4277C930EF11E3300DADB08 /* MainMenu.xib in Resources */ = {isa = PBXBuildFile; fileRef = A4277C910EF11E3300DADB08 /* MainMenu.xib */; };
		A4277CCB0EF1202000DADB08 /* TB_Flip_V.tiff in Resources */ = {isa = PBXBuildFile; fileRef = A4277CC90EF1202000DADB08 /* TB_Flip_V.tiff */; };
		A4277CCC0EF1202000DADB08 /* TB_AddPage.tiff in Resources */ = {isa = PBXBuildFile; fileRef = A4277CCA0EF1202000DADB08 /* TB_AddPage.tiff */; };
		A4277CCE0EF1218800DADB08 /* TB_AddSite.tiff in Resources */ = {isa = PBXBuildFile; fileRef = A4277CCD0EF1218800DADB08 /* TB_AddSite.tiff */; };
		A4277CD00EF121A000DADB08 /* TB_Forwards.tiff in Resources */ = {isa = PBXBuildFile; fileRef = A4277CCF0EF121A000DADB08 /* TB_Forwards.tiff */; };
		A4277CD20EF121C800DADB08 /* stb_pages.tiff in Resources */ = {isa = PBXBuildFile; fileRef = A4277CD10EF121C800DADB08 /* stb_pages.tiff */; };
		A4277CD40EF1224700DADB08 /* warning.tiff in Resources */ = {isa = PBXBuildFile; fileRef = A4277CD30EF1224700DADB08 /* warning.tiff */; };
		A4277D9A0EF1353E00DADB08 /* EntryEditor.xib in Resources */ = {isa = PBXBuildFile; fileRef = A4277D980EF1353E00DADB08 /* EntryEditor.xib */; };
		A4277D9D0EF135E600DADB08 /* style.tiff in Resources */ = {isa = PBXBuildFile; fileRef = A4277D9C0EF135E600DADB08 /* style.tiff */; };
		A4277D9F0EF135F300DADB08 /* TB_PublishDomain.tiff in Resources */ = {isa = PBXBuildFile; fileRef = A4277D9E0EF135F300DADB08 /* TB_PublishDomain.tiff */; };
		A4277DA10EF1360200DADB08 /* TB_Publish_Locally.tiff in Resources */ = {isa = PBXBuildFile; fileRef = A4277DA00EF1360200DADB08 /* TB_Publish_Locally.tiff */; };
		A42D95AC0D8C5DA200EFECEF /* EPEntriesManager.m in Sources */ = {isa = PBXBuildFile; fileRef = A42D95AB0D8C5DA200EFECEF /* EPEntriesManager.m */; };
		A42D968A0D8C7B4C00EFECEF /* EPEntryEditorController.m in Sources */ = {isa = PBXBuildFile; fileRef = A42D96890D8C7B4C00EFECEF /* EPEntryEditorController.m */; };
		A4755F5C0EC66EE800F2AC2A /* EPWeblog.m in Sources */ = {isa = PBXBuildFile; fileRef = A4755F5B0EC66EE800F2AC2A /* EPWeblog.m */; };
		A489DCE70D52910F00FAF5DB /* EPHTMLGenerator.m in Sources */ = {isa = PBXBuildFile; fileRef = A489DCE60D52910F00FAF5DB /* EPHTMLGenerator.m */; };
		A489DD010D52985500FAF5DB /* WebKit.framework in Frameworks */ = {isa = PBXBuildFile; fileRef = A489DD000D52985500FAF5DB /* WebKit.framework */; };
		A489DED20D530FEF00FAF5DB /* EPCommentsManager.m in Sources */ = {isa = PBXBuildFile; fileRef = A489DED00D530FEF00FAF5DB /* EPCommentsManager.m */; };
		A49643010EF489F100597556 /* iWeb.icns in Resources */ = {isa = PBXBuildFile; fileRef = A49643000EF489F100597556 /* iWeb.icns */; };
		A4B8371C0EE50DE5003D369D /* AddWeblogSheet.xib in Resources */ = {isa = PBXBuildFile; fileRef = A4B8371B0EE50DE5003D369D /* AddWeblogSheet.xib */; };
		A4B8376C0EE51076003D369D /* EPNewWeblogSheetHandler.m in Sources */ = {isa = PBXBuildFile; fileRef = A4B8376B0EE51076003D369D /* EPNewWeblogSheetHandler.m */; };
		A4B837A60EE51951003D369D /* EPStringCategory.m in Sources */ = {isa = PBXBuildFile; fileRef = A4B837A50EE51951003D369D /* EPStringCategory.m */; };
		A4FF4DE50D7FCEEB00A6B5DA /* EPWeblogEntry.m in Sources */ = {isa = PBXBuildFile; fileRef = A4FF4DE40D7FCEEB00A6B5DA /* EPWeblogEntry.m */; };
/* End PBXBuildFile section */

/* Begin PBXFileReference section */
		089C165DFE840E0CC02AAC07 /* English */ = {isa = PBXFileReference; fileEncoding = 10; lastKnownFileType = text.plist.strings; name = English; path = English.lproj/InfoPlist.strings; sourceTree = "<group>"; };
		1058C7A1FEA54F0111CA2CBB /* Cocoa.framework */ = {isa = PBXFileReference; lastKnownFileType = wrapper.framework; name = Cocoa.framework; path = /System/Library/Frameworks/Cocoa.framework; sourceTree = "<absolute>"; };
		13E42FB307B3F0F600E4EEF1 /* CoreData.framework */ = {isa = PBXFileReference; lastKnownFileType = wrapper.framework; name = CoreData.framework; path = /System/Library/Frameworks/CoreData.framework; sourceTree = "<absolute>"; };
		29B97316FDCFA39411CA2CEA /* main.m */ = {isa = PBXFileReference; fileEncoding = 4; lastKnownFileType = sourcecode.c.objc; path = main.m; sourceTree = "<group>"; };
		29B97324FDCFA39411CA2CEA /* AppKit.framework */ = {isa = PBXFileReference; lastKnownFileType = wrapper.framework; name = AppKit.framework; path = /System/Library/Frameworks/AppKit.framework; sourceTree = "<absolute>"; };
		29B97325FDCFA39411CA2CEA /* Foundation.framework */ = {isa = PBXFileReference; lastKnownFileType = wrapper.framework; name = Foundation.framework; path = /System/Library/Frameworks/Foundation.framework; sourceTree = "<absolute>"; };
		32CA4F630368D1EE00C91783 /* TidyWeblogger_Prefix.pch */ = {isa = PBXFileReference; fileEncoding = 4; lastKnownFileType = sourcecode.c.h; path = TidyWeblogger_Prefix.pch; sourceTree = "<group>"; };
		8D1107310486CEB800E47090 /* Info.plist */ = {isa = PBXFileReference; fileEncoding = 4; lastKnownFileType = text.plist; path = Info.plist; sourceTree = "<group>"; };
		8D1107320486CEB800E47090 /* TidyWeblogger.app */ = {isa = PBXFileReference; explicitFileType = wrapper.application; includeInIndex = 0; path = TidyWeblogger.app; sourceTree = BUILT_PRODUCTS_DIR; };
		A409AE660F076AE100CE1CAE /* EPWeblogEntryPrototype.h */ = {isa = PBXFileReference; fileEncoding = 4; lastKnownFileType = sourcecode.c.h; path = EPWeblogEntryPrototype.h; sourceTree = "<group>"; };
		A409AE670F076AE100CE1CAE /* EPWeblogEntryPrototype.m */ = {isa = PBXFileReference; fileEncoding = 4; lastKnownFileType = sourcecode.c.objc; path = EPWeblogEntryPrototype.m; sourceTree = "<group>"; };
		A409AEAA0F0781DA00CE1CAE /* EPDictionaryController.h */ = {isa = PBXFileReference; fileEncoding = 4; lastKnownFileType = sourcecode.c.h; path = EPDictionaryController.h; sourceTree = "<group>"; };
		A409AEAB0F0781DA00CE1CAE /* EPDictionaryController.m */ = {isa = PBXFileReference; fileEncoding = 4; lastKnownFileType = sourcecode.c.objc; path = EPDictionaryController.m; sourceTree = "<group>"; };
		A409AEDB0F078AE600CE1CAE /* EPMutableDictionary.h */ = {isa = PBXFileReference; fileEncoding = 4; lastKnownFileType = sourcecode.c.h; path = EPMutableDictionary.h; sourceTree = "<group>"; };
		A409AEDC0F078AE600CE1CAE /* EPMutableDictionary.m */ = {isa = PBXFileReference; fileEncoding = 4; lastKnownFileType = sourcecode.c.objc; path = EPMutableDictionary.m; sourceTree = "<group>"; };
		A4268B100E3D482100FC7CD0 /* Markdown.pl */ = {isa = PBXFileReference; fileEncoding = 4; lastKnownFileType = text.script.perl; path = Markdown.pl; sourceTree = "<group>"; };
		A4268B120E3D482C00FC7CD0 /* SmartyPants.pl */ = {isa = PBXFileReference; fileEncoding = 4; lastKnownFileType = text.script.perl; path = SmartyPants.pl; sourceTree = "<group>"; };
		A4277C8D0EF11DDF00DADB08 /* TB_Links_Inactive.tiff */ = {isa = PBXFileReference; lastKnownFileType = image.tiff; path = TB_Links_Inactive.tiff; sourceTree = "<group>"; };
		A4277C8E0EF11DDF00DADB08 /* TB_Links_Active.tiff */ = {isa = PBXFileReference; lastKnownFileType = image.tiff; path = TB_Links_Active.tiff; sourceTree = "<group>"; };
		A4277C920EF11E3300DADB08 /* English */ = {isa = PBXFileReference; lastKnownFileType = file.xib; name = English; path = English.lproj/MainMenu.xib; sourceTree = "<group>"; };
		A4277CC90EF1202000DADB08 /* TB_Flip_V.tiff */ = {isa = PBXFileReference; lastKnownFileType = image.tiff; path = TB_Flip_V.tiff; sourceTree = "<group>"; };
		A4277CCA0EF1202000DADB08 /* TB_AddPage.tiff */ = {isa = PBXFileReference; lastKnownFileType = image.tiff; path = TB_AddPage.tiff; sourceTree = "<group>"; };
		A4277CCD0EF1218800DADB08 /* TB_AddSite.tiff */ = {isa = PBXFileReference; lastKnownFileType = image.tiff; path = TB_AddSite.tiff; sourceTree = "<group>"; };
		A4277CCF0EF121A000DADB08 /* TB_Forwards.tiff */ = {isa = PBXFileReference; lastKnownFileType = image.tiff; path = TB_Forwards.tiff; sourceTree = "<group>"; };
		A4277CD10EF121C800DADB08 /* stb_pages.tiff */ = {isa = PBXFileReference; lastKnownFileType = image.tiff; path = stb_pages.tiff; sourceTree = "<group>"; };
		A4277CD30EF1224700DADB08 /* warning.tiff */ = {isa = PBXFileReference; lastKnownFileType = image.tiff; path = warning.tiff; sourceTree = "<group>"; };
		A4277D990EF1353E00DADB08 /* English */ = {isa = PBXFileReference; lastKnownFileType = file.xib; name = English; path = English.lproj/EntryEditor.xib; sourceTree = "<group>"; };
		A4277D9C0EF135E600DADB08 /* style.tiff */ = {isa = PBXFileReference; lastKnownFileType = image.tiff; path = style.tiff; sourceTree = "<group>"; };
		A4277D9E0EF135F300DADB08 /* TB_PublishDomain.tiff */ = {isa = PBXFileReference; lastKnownFileType = image.tiff; path = TB_PublishDomain.tiff; sourceTree = "<group>"; };
		A4277DA00EF1360200DADB08 /* TB_Publish_Locally.tiff */ = {isa = PBXFileReference; lastKnownFileType = image.tiff; path = TB_Publish_Locally.tiff; sourceTree = "<group>"; };
		A42D95AA0D8C5DA200EFECEF /* EPEntriesManager.h */ = {isa = PBXFileReference; fileEncoding = 4; lastKnownFileType = sourcecode.c.h; path = EPEntriesManager.h; sourceTree = "<group>"; };
		A42D95AB0D8C5DA200EFECEF /* EPEntriesManager.m */ = {isa = PBXFileReference; fileEncoding = 4; lastKnownFileType = sourcecode.c.objc; path = EPEntriesManager.m; sourceTree = "<group>"; };
		A42D96880D8C7B4C00EFECEF /* EPEntryEditorController.h */ = {isa = PBXFileReference; fileEncoding = 4; lastKnownFileType = sourcecode.c.h; path = EPEntryEditorController.h; sourceTree = "<group>"; };
		A42D96890D8C7B4C00EFECEF /* EPEntryEditorController.m */ = {isa = PBXFileReference; fileEncoding = 4; lastKnownFileType = sourcecode.c.objc; path = EPEntryEditorController.m; sourceTree = "<group>"; };
		A4559C880FA59EEE005AF878 /* Connection.framework */ = {isa = PBXFileReference; lastKnownFileType = wrapper.framework; name = Connection.framework; path = /Library/Frameworks/Connection.framework; sourceTree = "<absolute>"; };
		A4755F5A0EC66EE800F2AC2A /* EPWeblog.h */ = {isa = PBXFileReference; fileEncoding = 4; lastKnownFileType = sourcecode.c.h; path = EPWeblog.h; sourceTree = "<group>"; };
		A4755F5B0EC66EE800F2AC2A /* EPWeblog.m */ = {isa = PBXFileReference; fileEncoding = 4; lastKnownFileType = sourcecode.c.objc; path = EPWeblog.m; sourceTree = "<group>"; };
		A489DCE50D52910F00FAF5DB /* EPHTMLGenerator.h */ = {isa = PBXFileReference; fileEncoding = 4; lastKnownFileType = sourcecode.c.h; path = EPHTMLGenerator.h; sourceTree = "<group>"; };
		A489DCE60D52910F00FAF5DB /* EPHTMLGenerator.m */ = {isa = PBXFileReference; fileEncoding = 4; lastKnownFileType = sourcecode.c.objc; path = EPHTMLGenerator.m; sourceTree = "<group>"; };
		A489DD000D52985500FAF5DB /* WebKit.framework */ = {isa = PBXFileReference; lastKnownFileType = wrapper.framework; name = WebKit.framework; path = /System/Library/Frameworks/WebKit.framework; sourceTree = "<absolute>"; };
		A489DED00D530FEF00FAF5DB /* EPCommentsManager.m */ = {isa = PBXFileReference; fileEncoding = 30; lastKnownFileType = sourcecode.c.objc; path = EPCommentsManager.m; sourceTree = "<group>"; };
		A489DED10D530FEF00FAF5DB /* EPCommentsManager.h */ = {isa = PBXFileReference; fileEncoding = 30; lastKnownFileType = sourcecode.c.h; path = EPCommentsManager.h; sourceTree = "<group>"; };
		A49643000EF489F100597556 /* iWeb.icns */ = {isa = PBXFileReference; lastKnownFileType = image.icns; path = iWeb.icns; sourceTree = "<group>"; };
		A4B8371B0EE50DE5003D369D /* AddWeblogSheet.xib */ = {isa = PBXFileReference; lastKnownFileType = file.xib; path = AddWeblogSheet.xib; sourceTree = "<group>"; };
		A4B8376A0EE51076003D369D /* EPNewWeblogSheetHandler.h */ = {isa = PBXFileReference; fileEncoding = 4; lastKnownFileType = sourcecode.c.h; path = EPNewWeblogSheetHandler.h; sourceTree = "<group>"; };
		A4B8376B0EE51076003D369D /* EPNewWeblogSheetHandler.m */ = {isa = PBXFileReference; fileEncoding = 4; lastKnownFileType = sourcecode.c.objc; path = EPNewWeblogSheetHandler.m; sourceTree = "<group>"; };
		A4B837A40EE51951003D369D /* EPStringCategory.h */ = {isa = PBXFileReference; fileEncoding = 4; lastKnownFileType = sourcecode.c.h; path = EPStringCategory.h; sourceTree = "<group>"; };
		A4B837A50EE51951003D369D /* EPStringCategory.m */ = {isa = PBXFileReference; fileEncoding = 4; lastKnownFileType = sourcecode.c.objc; path = EPStringCategory.m; sourceTree = "<group>"; };
		A4FF4DE30D7FCEEB00A6B5DA /* EPWeblogEntry.h */ = {isa = PBXFileReference; fileEncoding = 4; lastKnownFileType = sourcecode.c.h; path = EPWeblogEntry.h; sourceTree = "<group>"; };
		A4FF4DE40D7FCEEB00A6B5DA /* EPWeblogEntry.m */ = {isa = PBXFileReference; fileEncoding = 4; lastKnownFileType = sourcecode.c.objc; path = EPWeblogEntry.m; sourceTree = "<group>"; };
/* End PBXFileReference section */

/* Begin PBXFrameworksBuildPhase section */
		8D11072E0486CEB800E47090 /* Frameworks */ = {
			isa = PBXFrameworksBuildPhase;
			buildActionMask = 2147483647;
			files = (
				8D11072F0486CEB800E47090 /* Cocoa.framework in Frameworks */,
				A489DD010D52985500FAF5DB /* WebKit.framework in Frameworks */,
			);
			runOnlyForDeploymentPostprocessing = 0;
		};
/* End PBXFrameworksBuildPhase section */

/* Begin PBXGroup section */
		080E96DDFE201D6D7F000001 /* Classes */ = {
			isa = PBXGroup;
			children = (
				A4755F5A0EC66EE800F2AC2A /* EPWeblog.h */,
				A4755F5B0EC66EE800F2AC2A /* EPWeblog.m */,
				A4FF4DE30D7FCEEB00A6B5DA /* EPWeblogEntry.h */,
				A4FF4DE40D7FCEEB00A6B5DA /* EPWeblogEntry.m */,
				A42D95AA0D8C5DA200EFECEF /* EPEntriesManager.h */,
				A42D95AB0D8C5DA200EFECEF /* EPEntriesManager.m */,
				A4B8376A0EE51076003D369D /* EPNewWeblogSheetHandler.h */,
				A4B8376B0EE51076003D369D /* EPNewWeblogSheetHandler.m */,
				A42D96880D8C7B4C00EFECEF /* EPEntryEditorController.h */,
				A42D96890D8C7B4C00EFECEF /* EPEntryEditorController.m */,
				A489DCE50D52910F00FAF5DB /* EPHTMLGenerator.h */,
				A489DCE60D52910F00FAF5DB /* EPHTMLGenerator.m */,
				A489DED10D530FEF00FAF5DB /* EPCommentsManager.h */,
				A489DED00D530FEF00FAF5DB /* EPCommentsManager.m */,
				A4B837A40EE51951003D369D /* EPStringCategory.h */,
				A4B837A50EE51951003D369D /* EPStringCategory.m */,
			);
			name = Classes;
			sourceTree = "<group>";
		};
		1058C7A0FEA54F0111CA2CBB /* Linked Frameworks */ = {
			isa = PBXGroup;
			children = (
				1058C7A1FEA54F0111CA2CBB /* Cocoa.framework */,
				A489DD000D52985500FAF5DB /* WebKit.framework */,
				A4559C880FA59EEE005AF878 /* Connection.framework */,
			);
			name = "Linked Frameworks";
			sourceTree = "<group>";
		};
		1058C7A2FEA54F0111CA2CBB /* Other Frameworks */ = {
			isa = PBXGroup;
			children = (
				29B97324FDCFA39411CA2CEA /* AppKit.framework */,
				13E42FB307B3F0F600E4EEF1 /* CoreData.framework */,
				29B97325FDCFA39411CA2CEA /* Foundation.framework */,
			);
			name = "Other Frameworks";
			sourceTree = "<group>";
		};
		19C28FACFE9D520D11CA2CBB /* Products */ = {
			isa = PBXGroup;
			children = (
				8D1107320486CEB800E47090 /* TidyWeblogger.app */,
			);
			name = Products;
			sourceTree = "<group>";
		};
		29B97314FDCFA39411CA2CEA /* TidyWeblogger */ = {
			isa = PBXGroup;
			children = (
				080E96DDFE201D6D7F000001 /* Classes */,
				A409B3730F0F98ED00CE1CAE /* Test Classes */,
				29B97315FDCFA39411CA2CEA /* Other Sources */,
				29B97317FDCFA39411CA2CEA /* Resources */,
				29B97323FDCFA39411CA2CEA /* Frameworks */,
				19C28FACFE9D520D11CA2CBB /* Products */,
			);
			name = TidyWeblogger;
			sourceTree = "<group>";
		};
		29B97315FDCFA39411CA2CEA /* Other Sources */ = {
			isa = PBXGroup;
			children = (
				32CA4F630368D1EE00C91783 /* TidyWeblogger_Prefix.pch */,
				29B97316FDCFA39411CA2CEA /* main.m */,
			);
			name = "Other Sources";
			sourceTree = "<group>";
		};
		29B97317FDCFA39411CA2CEA /* Resources */ = {
			isa = PBXGroup;
			children = (
				A49643000EF489F100597556 /* iWeb.icns */,
				A4277DA00EF1360200DADB08 /* TB_Publish_Locally.tiff */,
				A4277D9E0EF135F300DADB08 /* TB_PublishDomain.tiff */,
				A4277D9C0EF135E600DADB08 /* style.tiff */,
				A4277CD30EF1224700DADB08 /* warning.tiff */,
				A4277CCF0EF121A000DADB08 /* TB_Forwards.tiff */,
				A4277CD10EF121C800DADB08 /* stb_pages.tiff */,
				A4277C8D0EF11DDF00DADB08 /* TB_Links_Inactive.tiff */,
				A4277C8E0EF11DDF00DADB08 /* TB_Links_Active.tiff */,
				A4277CCD0EF1218800DADB08 /* TB_AddSite.tiff */,
				A4277CC90EF1202000DADB08 /* TB_Flip_V.tiff */,
				A4277CCA0EF1202000DADB08 /* TB_AddPage.tiff */,
				A4268B100E3D482100FC7CD0 /* Markdown.pl */,
				A4268B120E3D482C00FC7CD0 /* SmartyPants.pl */,
				8D1107310486CEB800E47090 /* Info.plist */,
				089C165CFE840E0CC02AAC07 /* InfoPlist.strings */,
				A4277C910EF11E3300DADB08 /* MainMenu.xib */,
				A4277D980EF1353E00DADB08 /* EntryEditor.xib */,
				A4B8371B0EE50DE5003D369D /* AddWeblogSheet.xib */,
			);
			name = Resources;
			sourceTree = "<group>";
		};
		29B97323FDCFA39411CA2CEA /* Frameworks */ = {
			isa = PBXGroup;
			children = (
				1058C7A0FEA54F0111CA2CBB /* Linked Frameworks */,
				1058C7A2FEA54F0111CA2CBB /* Other Frameworks */,
			);
			name = Frameworks;
			sourceTree = "<group>";
		};
		A409B3730F0F98ED00CE1CAE /* Test Classes */ = {
			isa = PBXGroup;
			children = (
				A409AE660F076AE100CE1CAE /* EPWeblogEntryPrototype.h */,
				A409AE670F076AE100CE1CAE /* EPWeblogEntryPrototype.m */,
				A409AEDB0F078AE600CE1CAE /* EPMutableDictionary.h */,
				A409AEDC0F078AE600CE1CAE /* EPMutableDictionary.m */,
				A409AEAA0F0781DA00CE1CAE /* EPDictionaryController.h */,
				A409AEAB0F0781DA00CE1CAE /* EPDictionaryController.m */,
			);
			name = "Test Classes";
			sourceTree = "<group>";
		};
/* End PBXGroup section */

/* Begin PBXNativeTarget section */
		8D1107260486CEB800E47090 /* TidyWeblogger */ = {
			isa = PBXNativeTarget;
			buildConfigurationList = C01FCF4A08A954540054247B /* Build configuration list for PBXNativeTarget "TidyWeblogger" */;
			buildPhases = (
				8D1107290486CEB800E47090 /* Resources */,
				8D11072C0486CEB800E47090 /* Sources */,
				8D11072E0486CEB800E47090 /* Frameworks */,
			);
			buildRules = (
			);
			dependencies = (
			);
			name = TidyWeblogger;
			productInstallPath = "$(HOME)/Applications";
			productName = TidyWeblogger;
			productReference = 8D1107320486CEB800E47090 /* TidyWeblogger.app */;
			productType = "com.apple.product-type.application";
		};
/* End PBXNativeTarget section */

/* Begin PBXProject section */
		29B97313FDCFA39411CA2CEA /* Project object */ = {
			isa = PBXProject;
			buildConfigurationList = C01FCF4E08A954540054247B /* Build configuration list for PBXProject "TidyWeblogger" */;
			compatibilityVersion = "Xcode 2.4";
			developmentRegion = English;
			hasScannedForEncodings = 1;
			knownRegions = (
				English,
				Japanese,
				French,
				German,
				Italian,
				da,
				de,
				en,
				fr,
				it,
				ja,
				zh_CN,
				zh_TW,
			);
			mainGroup = 29B97314FDCFA39411CA2CEA /* TidyWeblogger */;
			projectDirPath = "";
			projectRoot = "";
			targets = (
				8D1107260486CEB800E47090 /* TidyWeblogger */,
			);
		};
/* End PBXProject section */

/* Begin PBXResourcesBuildPhase section */
		8D1107290486CEB800E47090 /* Resources */ = {
			isa = PBXResourcesBuildPhase;
			buildActionMask = 2147483647;
			files = (
				8D11072B0486CEB800E47090 /* InfoPlist.strings in Resources */,
				A4268B110E3D482100FC7CD0 /* Markdown.pl in Resources */,
				A4268B130E3D482C00FC7CD0 /* SmartyPants.pl in Resources */,
				A4B8371C0EE50DE5003D369D /* AddWeblogSheet.xib in Resources */,
				A4277C8F0EF11DDF00DADB08 /* TB_Links_Inactive.tiff in Resources */,
				A4277C900EF11DDF00DADB08 /* TB_Links_Active.tiff in Resources */,
				A4277C930EF11E3300DADB08 /* MainMenu.xib in Resources */,
				A4277CCB0EF1202000DADB08 /* TB_Flip_V.tiff in Resources */,
				A4277CCC0EF1202000DADB08 /* TB_AddPage.tiff in Resources */,
				A4277CCE0EF1218800DADB08 /* TB_AddSite.tiff in Resources */,
				A4277CD00EF121A000DADB08 /* TB_Forwards.tiff in Resources */,
				A4277CD20EF121C800DADB08 /* stb_pages.tiff in Resources */,
				A4277CD40EF1224700DADB08 /* warning.tiff in Resources */,
				A4277D9A0EF1353E00DADB08 /* EntryEditor.xib in Resources */,
				A4277D9D0EF135E600DADB08 /* style.tiff in Resources */,
				A4277D9F0EF135F300DADB08 /* TB_PublishDomain.tiff in Resources */,
				A4277DA10EF1360200DADB08 /* TB_Publish_Locally.tiff in Resources */,
				A49643010EF489F100597556 /* iWeb.icns in Resources */,
			);
			runOnlyForDeploymentPostprocessing = 0;
		};
/* End PBXResourcesBuildPhase section */

/* Begin PBXSourcesBuildPhase section */
		8D11072C0486CEB800E47090 /* Sources */ = {
			isa = PBXSourcesBuildPhase;
			buildActionMask = 2147483647;
			files = (
				8D11072D0486CEB800E47090 /* main.m in Sources */,
				A489DCE70D52910F00FAF5DB /* EPHTMLGenerator.m in Sources */,
				A489DED20D530FEF00FAF5DB /* EPCommentsManager.m in Sources */,
				A4FF4DE50D7FCEEB00A6B5DA /* EPWeblogEntry.m in Sources */,
				A42D95AC0D8C5DA200EFECEF /* EPEntriesManager.m in Sources */,
				A42D968A0D8C7B4C00EFECEF /* EPEntryEditorController.m in Sources */,
				A4755F5C0EC66EE800F2AC2A /* EPWeblog.m in Sources */,
				A4B8376C0EE51076003D369D /* EPNewWeblogSheetHandler.m in Sources */,
				A4B837A60EE51951003D369D /* EPStringCategory.m in Sources */,
				A409AE680F076AE100CE1CAE /* EPWeblogEntryPrototype.m in Sources */,
				A409AEAC0F0781DA00CE1CAE /* EPDictionaryController.m in Sources */,
				A409AEDD0F078AE600CE1CAE /* EPMutableDictionary.m in Sources */,
			);
			runOnlyForDeploymentPostprocessing = 0;
		};
/* End PBXSourcesBuildPhase section */

/* Begin PBXVariantGroup section */
		089C165CFE840E0CC02AAC07 /* InfoPlist.strings */ = {
			isa = PBXVariantGroup;
			children = (
				089C165DFE840E0CC02AAC07 /* English */,
			);
			name = InfoPlist.strings;
			sourceTree = "<group>";
		};
		A4277C910EF11E3300DADB08 /* MainMenu.xib */ = {
			isa = PBXVariantGroup;
			children = (
				A4277C920EF11E3300DADB08 /* English */,
			);
			name = MainMenu.xib;
			sourceTree = "<group>";
		};
		A4277D980EF1353E00DADB08 /* EntryEditor.xib */ = {
			isa = PBXVariantGroup;
			children = (
				A4277D990EF1353E00DADB08 /* English */,
			);
			name = EntryEditor.xib;
			sourceTree = "<group>";
		};
/* End PBXVariantGroup section */

/* Begin XCBuildConfiguration section */
		C01FCF4B08A954540054247B /* Debug */ = {
			isa = XCBuildConfiguration;
			buildSettings = {
				COPY_PHASE_STRIP = NO;
				FRAMEWORK_SEARCH_PATHS = (
					"$(inherited)",
					"$(FRAMEWORK_SEARCH_PATHS_QUOTED_FOR_TARGET_1)",
					"$(FRAMEWORK_SEARCH_PATHS_QUOTED_FOR_TARGET_2)",
				);
				FRAMEWORK_SEARCH_PATHS_QUOTED_FOR_TARGET_1 = "\"$(SRCROOT)/../ConnectionKit/branches/2.0/build/Debug\"";
				FRAMEWORK_SEARCH_PATHS_QUOTED_FOR_TARGET_2 = "\"$(SRCROOT)/../ConnectionKit/branches/2.0/build/Debug\"";
				GCC_DYNAMIC_NO_PIC = NO;
				GCC_ENABLE_FIX_AND_CONTINUE = YES;
				GCC_ENABLE_OBJC_GC = YES;
				GCC_MODEL_TUNING = G5;
				GCC_OPTIMIZATION_LEVEL = 0;
				INFOPLIST_FILE = Info.plist;
				INSTALL_PATH = "$(HOME)/Applications";
				PRODUCT_NAME = TidyWeblogger;
				SDKROOT = macosx;
				WRAPPER_EXTENSION = app;
				ZERO_LINK = YES;
			};
			name = Debug;
		};
		C01FCF4C08A954540054247B /* Release */ = {
			isa = XCBuildConfiguration;
			buildSettings = {
				ARCHS = (
					ppc,
					i386,
				);
				FRAMEWORK_SEARCH_PATHS = (
					"$(inherited)",
					"$(FRAMEWORK_SEARCH_PATHS_QUOTED_FOR_TARGET_1)",
					"$(FRAMEWORK_SEARCH_PATHS_QUOTED_FOR_TARGET_2)",
				);
				FRAMEWORK_SEARCH_PATHS_QUOTED_FOR_TARGET_1 = "\"$(SRCROOT)/../ConnectionKit/branches/2.0/build/Debug\"";
				FRAMEWORK_SEARCH_PATHS_QUOTED_FOR_TARGET_2 = "\"$(SRCROOT)/../ConnectionKit/branches/2.0/build/Debug\"";
				GCC_ENABLE_OBJC_GC = NO;
				GCC_GENERATE_DEBUGGING_SYMBOLS = NO;
				GCC_MODEL_TUNING = G5;
				INFOPLIST_FILE = Info.plist;
				INSTALL_PATH = "$(HOME)/Applications";
				PRODUCT_NAME = TidyWeblogger;
				SDKROOT = macosx;
				USER_HEADER_SEARCH_PATHS = "/Library/Frameworks/Connection.framework/Headers//**";
				WRAPPER_EXTENSION = app;
			};
			name = Release;
		};
		C01FCF4F08A954540054247B /* Debug */ = {
			isa = XCBuildConfiguration;
			buildSettings = {
				GCC_WARN_ABOUT_MISSING_PROTOTYPES = YES;
				GCC_WARN_ABOUT_RETURN_TYPE = YES;
				GCC_WARN_UNUSED_VALUE = YES;
				GCC_WARN_UNUSED_VARIABLE = YES;
				PREBINDING = NO;
				SDKROOT = macosx;
			};
			name = Debug;
		};
		C01FCF5008A954540054247B /* Release */ = {
			isa = XCBuildConfiguration;
			buildSettings = {
				GCC_WARN_ABOUT_RETURN_TYPE = YES;
				GCC_WARN_UNUSED_VARIABLE = YES;
				PREBINDING = NO;
				SDKROOT = macosx;
			};
			name = Release;
		};
/* End XCBuildConfiguration section */

/* Begin XCConfigurationList section */
		C01FCF4A08A954540054247B /* Build configuration list for PBXNativeTarget "TidyWeblogger" */ = {
			isa = XCConfigurationList;
			buildConfigurations = (
				C01FCF4B08A954540054247B /* Debug */,
				C01FCF4C08A954540054247B /* Release */,
			);
			defaultConfigurationIsVisible = 0;
			defaultConfigurationName = Release;
		};
		C01FCF4E08A954540054247B /* Build configuration list for PBXProject "TidyWeblogger" */ = {
			isa = XCConfigurationList;
			buildConfigurations = (
				C01FCF4F08A954540054247B /* Debug */,
				C01FCF5008A954540054247B /* Release */,
			);
			defaultConfigurationIsVisible = 0;
			defaultConfigurationName = Release;
		};
/* End XCConfigurationList section */
	};
	rootObject = 29B97313FDCFA39411CA2CEA /* Project object */;
}
